# @generated by Move, please check-in and do not edit manually.

[move]
version = 3
manifest_digest = "4D1B880B0A0F4736DBCD49B254087AE372B8AD4896702F17F64E4C6B7E914BA7"
deps_digest = "F8BBB0CCB2491CA29A3DF03D6F92277A4F3574266507ACD77214D37ECA3F3082"
dependencies = [
  { id = "Sui", name = "Sui" },
]

[[move.package]]
id = "MoveStdlib"
source = { git = "https://github.com/MystenLabs/sui.git", rev = "framework/testnet", subdir = "crates/sui-framework/packages/move-stdlib" }

[[move.package]]
id = "Sui"
source = { git = "https://github.com/MystenLabs/sui.git", rev = "framework/testnet", subdir = "crates/sui-framework/packages/sui-framework" }

dependencies = [
  { id = "MoveStdlib", name = "MoveStdlib" },
]

[move.toolchain-version]
compiler-version = "1.46.0"
edition = "2024.beta"
flavor = "sui"

[env]

[env.devnet]
chain-id = "f4a15ff1"
original-published-id = "0x9dd75021cc6bb3f238cbf34efb446a393e8eda43a9a18da3f4b6b34a9a19860e"
latest-published-id = "0x9dd75021cc6bb3f238cbf34efb446a393e8eda43a9a18da3f4b6b34a9a19860e"
published-version = "1"
